{
  "object": {
    "pins": [
      {
        "package": "Alamofire",
        "repositoryURL": "https://github.com/Alamofire/Alamofire.git",
        "state": {
          "branch": null,
          "revision": "78424be314842833c04bc3bef5b72e85fff99204",
          "version": "5.6.4"
        }
      },
      {
        "package": "CryptorRSA",
        "repositoryURL": "https://github.com/Kitura/BlueRSA.git",
        "state": {
          "branch": null,
          "revision": "440f78db26d8bb073f29590f1c7bd31004da09ae",
          "version": "1.0.201"
        }
      },
      {
        "package": "CocoaLumberjack",
        "repositoryURL": "https://github.com/CocoaLumberjack/CocoaLumberjack.git",
        "state": {
          "branch": null,
          "revision": "0188d31089b5881a269e01777be74c7316924346",
          "version": "3.8.0"
        }
      },
      {
        "package": "CryptoSwift",
        "repositoryURL": "https://github.com/krzyzanowskim/CryptoSwift.git",
        "state": {
          "branch": null,
          "revision": "95c18f1c1bc44d5547728621ed680850368f7a45",
          "version": "1.7.0"
        }
      },
      {
        "package": "DeviceKit",
        "repositoryURL": "https://github.com/devicekit/DeviceKit.git",
        "state": {
          "branch": null,
          "revision": "d37e70cb2646666dcf276d7d3d4a9760a41ff8a6",
          "version": "4.9.0"
        }
      },
      {
        "package": "swift-log",
        "repositoryURL": "https://github.com/apple/swift-log.git",
        "state": {
          "branch": null,
          "revision": "32e8d724467f8fe623624570367e3d50c5638e46",
          "version": "1.5.2"
        }
      },
      {
        "package": "SwiftyJSON",
        "repositoryURL": "https://github.com/SwiftyJSON/SwiftyJSON.git",
        "state": {
          "branch": null,
          "revision": "b3dcd7dbd0d488e1a7077cb33b00f2083e382f07",
          "version": "5.0.1"
        }
      }
    ]
  },
  "version": 1
}
