// !$*UTF8*$!
{
	archiveVersion = 1;
	classes = {
	};
	objectVersion = 56;
	objects = {

/* Begin PBXBuildFile section */
		2461820C292C9A8E006962D7 /* AppDelegate.swift in Sources */ = {isa = PBXBuildFile; fileRef = 2461820B292C9A8E006962D7 /* AppDelegate.swift */; };
		2461820E292C9A8E006962D7 /* SceneDelegate.swift in Sources */ = {isa = PBXBuildFile; fileRef = 2461820D292C9A8E006962D7 /* SceneDelegate.swift */; };
		24618213292C9A8E006962D7 /* Main.storyboard in Resources */ = {isa = PBXBuildFile; fileRef = 24618211292C9A8E006962D7 /* Main.storyboard */; };
		24618215292C9A90006962D7 /* Assets.xcassets in Resources */ = {isa = PBXBuildFile; fileRef = 24618214292C9A90006962D7 /* Assets.xcassets */; };
		24618218292C9A90006962D7 /* LaunchScreen.storyboard in Resources */ = {isa = PBXBuildFile; fileRef = 24618216292C9A90006962D7 /* LaunchScreen.storyboard */; };
		24618226292CA960006962D7 /* NetworkExtension.framework in Frameworks */ = {isa = PBXBuildFile; fileRef = 24618225292CA960006962D7 /* NetworkExtension.framework */; };
		24618229292CA960006962D7 /* PacketTunnelProvider.swift in Sources */ = {isa = PBXBuildFile; fileRef = 24618228292CA960006962D7 /* PacketTunnelProvider.swift */; };
		2461822E292CA960006962D7 /* PacketTunnel.appex in Embed Foundation Extensions */ = {isa = PBXBuildFile; fileRef = 24618223292CA960006962D7 /* PacketTunnel.appex */; settings = {ATTRIBUTES = (RemoveHeadersOnCopy, ); }; };
		24E3DEAE29DECA9400A1DA09 /* cacert.pem in Resources */ = {isa = PBXBuildFile; fileRef = 24E3DEAD29DECA9400A1DA09 /* cacert.pem */; };
		300F0865481F557E571A8A47 /* Pods_PacketTunnel.framework in Frameworks */ = {isa = PBXBuildFile; fileRef = 3DEE3C323D14C91FD20EB1CD /* Pods_PacketTunnel.framework */; };
		7124043B2A7249200070681B /* Localizable.strings in Resources */ = {isa = PBXBuildFile; fileRef = 7124043D2A7249200070681B /* Localizable.strings */; };
		E0079E072D1DB44600F18522 /* AppUpdateViewController.swift in Sources */ = {isa = PBXBuildFile; fileRef = E0079E062D1DB44500F18522 /* AppUpdateViewController.swift */; };
		E011ABB72CFF36DF00C58500 /* DiagnosticsViewController.swift in Sources */ = {isa = PBXBuildFile; fileRef = E011ABB62CFF36DF00C58500 /* DiagnosticsViewController.swift */; };
		E01470E22BE91B38007CDD9A /* FeedbackController.swift in Sources */ = {isa = PBXBuildFile; fileRef = E01470B12BE91B38007CDD9A /* FeedbackController.swift */; };
		E01470E32BE91B38007CDD9A /* FeedbackServiceManager.swift in Sources */ = {isa = PBXBuildFile; fileRef = E01470B22BE91B38007CDD9A /* FeedbackServiceManager.swift */; };
		E01470E42BE91B38007CDD9A /* HelpController.swift in Sources */ = {isa = PBXBuildFile; fileRef = E01470B42BE91B38007CDD9A /* HelpController.swift */; };
		E01470E52BE91B38007CDD9A /* HomeNotificationTableViewCell.swift in Sources */ = {isa = PBXBuildFile; fileRef = E01470B62BE91B38007CDD9A /* HomeNotificationTableViewCell.swift */; };
		E01470E62BE91B38007CDD9A /* HomeNotificationTableViewCell.xib in Resources */ = {isa = PBXBuildFile; fileRef = E01470B72BE91B38007CDD9A /* HomeNotificationTableViewCell.xib */; };
		E01470E72BE91B38007CDD9A /* NewsBottomListTableViewCell.swift in Sources */ = {isa = PBXBuildFile; fileRef = E01470B82BE91B38007CDD9A /* NewsBottomListTableViewCell.swift */; };
		E01470E82BE91B38007CDD9A /* NewsBottomListTableViewCell.xib in Resources */ = {isa = PBXBuildFile; fileRef = E01470B92BE91B38007CDD9A /* NewsBottomListTableViewCell.xib */; };
		E01470E92BE91B38007CDD9A /* NewsTopHeadingTableViewCell.swift in Sources */ = {isa = PBXBuildFile; fileRef = E01470BA2BE91B38007CDD9A /* NewsTopHeadingTableViewCell.swift */; };
		E01470EA2BE91B38007CDD9A /* NewsTopHeadingTableViewCell.xib in Resources */ = {isa = PBXBuildFile; fileRef = E01470BB2BE91B38007CDD9A /* NewsTopHeadingTableViewCell.xib */; };
		E01470EB2BE91B38007CDD9A /* HomeViewController.swift in Sources */ = {isa = PBXBuildFile; fileRef = E01470BD2BE91B38007CDD9A /* HomeViewController.swift */; };
		E01470EC2BE91B38007CDD9A /* HomeViewController+LoadNews.swift in Sources */ = {isa = PBXBuildFile; fileRef = E01470BE2BE91B38007CDD9A /* HomeViewController+LoadNews.swift */; };
		E01470ED2BE91B38007CDD9A /* HomeViewController+VPNConnect.swift in Sources */ = {isa = PBXBuildFile; fileRef = E01470BF2BE91B38007CDD9A /* HomeViewController+VPNConnect.swift */; };
		E01470EE2BE91B38007CDD9A /* NewsData.swift in Sources */ = {isa = PBXBuildFile; fileRef = E01470C02BE91B38007CDD9A /* NewsData.swift */; };
		E01470F02BE91B38007CDD9A /* MenuController.swift in Sources */ = {isa = PBXBuildFile; fileRef = E01470C32BE91B38007CDD9A /* MenuController.swift */; };
		E01470F12BE91B38007CDD9A /* RootView.swift in Sources */ = {isa = PBXBuildFile; fileRef = E01470C42BE91B38007CDD9A /* RootView.swift */; };
		E01470F22BE91B38007CDD9A /* NewsController.swift in Sources */ = {isa = PBXBuildFile; fileRef = E01470C62BE91B38007CDD9A /* NewsController.swift */; };
		E01470F32BE91B38007CDD9A /* PrivacyController.swift in Sources */ = {isa = PBXBuildFile; fileRef = E01470C82BE91B38007CDD9A /* PrivacyController.swift */; };
		E01470F42BE91B38007CDD9A /* SplashController.swift in Sources */ = {isa = PBXBuildFile; fileRef = E01470CA2BE91B38007CDD9A /* SplashController.swift */; };
		E01470F52BE91B38007CDD9A /* LocalizedStringEnum.swift in Sources */ = {isa = PBXBuildFile; fileRef = E01470CD2BE91B38007CDD9A /* LocalizedStringEnum.swift */; };
		E01470F62BE91B38007CDD9A /* AppBaseViewController.swift in Sources */ = {isa = PBXBuildFile; fileRef = E01470CF2BE91B38007CDD9A /* AppBaseViewController.swift */; };
		E01470F72BE91B38007CDD9A /* UIStoryBoard+Loader.swift in Sources */ = {isa = PBXBuildFile; fileRef = E01470D02BE91B38007CDD9A /* UIStoryBoard+Loader.swift */; };
		E01470F82BE91B38007CDD9A /* Utilities.swift in Sources */ = {isa = PBXBuildFile; fileRef = E01470D12BE91B38007CDD9A /* Utilities.swift */; };
		E01470F92BE91B38007CDD9A /* Utilities+Cacher.swift in Sources */ = {isa = PBXBuildFile; fileRef = E01470D22BE91B38007CDD9A /* Utilities+Cacher.swift */; };
		E01470FA2BE91B38007CDD9A /* Utilities+NSObject.swift in Sources */ = {isa = PBXBuildFile; fileRef = E01470D32BE91B38007CDD9A /* Utilities+NSObject.swift */; };
		E01470FB2BE91B38007CDD9A /* Utilities+StatusBar.swift in Sources */ = {isa = PBXBuildFile; fileRef = E01470D42BE91B38007CDD9A /* Utilities+StatusBar.swift */; };
		E01470FC2BE91B38007CDD9A /* Utilities+UIButton.swift in Sources */ = {isa = PBXBuildFile; fileRef = E01470D52BE91B38007CDD9A /* Utilities+UIButton.swift */; };
		E01470FD2BE91B38007CDD9A /* Utilities+UILabel.swift in Sources */ = {isa = PBXBuildFile; fileRef = E01470D62BE91B38007CDD9A /* Utilities+UILabel.swift */; };
		E01470FE2BE91B38007CDD9A /* Utilities+UITextField.swift in Sources */ = {isa = PBXBuildFile; fileRef = E01470D72BE91B38007CDD9A /* Utilities+UITextField.swift */; };
		E01470FF2BE91B38007CDD9A /* Utilities+UIView.swift in Sources */ = {isa = PBXBuildFile; fileRef = E01470D82BE91B38007CDD9A /* Utilities+UIView.swift */; };
		E01471002BE91B38007CDD9A /* VPNConstants.swift in Sources */ = {isa = PBXBuildFile; fileRef = E01470DA2BE91B38007CDD9A /* VPNConstants.swift */; };
		E01471012BE91B38007CDD9A /* VPNServiceManager.swift in Sources */ = {isa = PBXBuildFile; fileRef = E01470DB2BE91B38007CDD9A /* VPNServiceManager.swift */; };
		E01471022BE91B38007CDD9A /* AppConfiguration.swift in Sources */ = {isa = PBXBuildFile; fileRef = E01470DD2BE91B38007CDD9A /* AppConfiguration.swift */; };
		E01471032BE91B38007CDD9A /* Constants.swift in Sources */ = {isa = PBXBuildFile; fileRef = E01470DE2BE91B38007CDD9A /* Constants.swift */; };
		E01471042BE91B38007CDD9A /* EventModel.swift in Sources */ = {isa = PBXBuildFile; fileRef = E01470DF2BE91B38007CDD9A /* EventModel.swift */; };
		E01471052BE91B38007CDD9A /* Extension.swift in Sources */ = {isa = PBXBuildFile; fileRef = E01470E02BE91B38007CDD9A /* Extension.swift */; };
		E01471082BE91BD3007CDD9A /* VPNConstants.swift in Sources */ = {isa = PBXBuildFile; fileRef = E01470DA2BE91B38007CDD9A /* VPNConstants.swift */; };
		E04CACF62C416ACF008194FD /* FollowUsView.swift in Sources */ = {isa = PBXBuildFile; fileRef = E04CACF52C416ACF008194FD /* FollowUsView.swift */; };
		E07273D02ED5961A008072B1 /* News.json in Resources */ = {isa = PBXBuildFile; fileRef = E07273CF2ED5961A008072B1 /* News.json */; };
		E0A1AF3F2ECC74D000C1FF76 /* EmojiSlider.swift in Sources */ = {isa = PBXBuildFile; fileRef = E0A1AF3E2ECC74D000C1FF76 /* EmojiSlider.swift */; };
		E0AC87C52D67211A0034A390 /* UIView+Extensions.swift in Sources */ = {isa = PBXBuildFile; fileRef = E0AC87C02D67211A0034A390 /* UIView+Extensions.swift */; };
		E0AC87C72D67211A0034A390 /* ShimmeringViewProtocol.swift in Sources */ = {isa = PBXBuildFile; fileRef = E0AC87BE2D67211A0034A390 /* ShimmeringViewProtocol.swift */; };
		E0AC87C82D67211A0034A390 /* UIView+Shimmer.swift in Sources */ = {isa = PBXBuildFile; fileRef = E0AC87C12D67211A0034A390 /* UIView+Shimmer.swift */; };
		E0AC87C92D67211A0034A390 /* UIView+Template.swift in Sources */ = {isa = PBXBuildFile; fileRef = E0AC87C22D67211A0034A390 /* UIView+Template.swift */; };
		E0B403EB2D104C9700A9ED15 /* Utilities+ActivityLoader.swift in Sources */ = {isa = PBXBuildFile; fileRef = E0B403EA2D104C9700A9ED15 /* Utilities+ActivityLoader.swift */; };
		E0D0C6BD2D715668006D9A00 /* ImageCacheManager.swift in Sources */ = {isa = PBXBuildFile; fileRef = E0D0C6BC2D715668006D9A00 /* ImageCacheManager.swift */; };
		E0DD0D682EB7114100E287A4 /* leaf.xcframework in Frameworks */ = {isa = PBXBuildFile; fileRef = E0DD0D672EB7114100E287A4 /* leaf.xcframework */; };
		E0DD0D6B2EBAF14700E287A4 /* HomeViewController+ConnectivityCheck.swift in Sources */ = {isa = PBXBuildFile; fileRef = E0DD0D6A2EBAF14700E287A4 /* HomeViewController+ConnectivityCheck.swift */; };
		FA45CB4D90088814CD6F9B62 /* Pods_nthLink.framework in Frameworks */ = {isa = PBXBuildFile; fileRef = 899F49E8EF2494C056D28F20 /* Pods_nthLink.framework */; };
/* End PBXBuildFile section */

/* Begin PBXContainerItemProxy section */
		2461822C292CA960006962D7 /* PBXContainerItemProxy */ = {
			isa = PBXContainerItemProxy;
			containerPortal = 24618200292C9A8E006962D7 /* Project object */;
			proxyType = 1;
			remoteGlobalIDString = 24618222292CA960006962D7;
			remoteInfo = PacketTunnel;
		};
/* End PBXContainerItemProxy section */

/* Begin PBXCopyFilesBuildPhase section */
		24286F762939516200ED6C41 /* Embed Frameworks */ = {
			isa = PBXCopyFilesBuildPhase;
			buildActionMask = 2147483647;
			dstPath = "";
			dstSubfolderSpec = 10;
			files = (
			);
			name = "Embed Frameworks";
			runOnlyForDeploymentPostprocessing = 0;
		};
		2461822F292CA960006962D7 /* Embed Foundation Extensions */ = {
			isa = PBXCopyFilesBuildPhase;
			buildActionMask = 2147483647;
			dstPath = "";
			dstSubfolderSpec = 13;
			files = (
				2461822E292CA960006962D7 /* PacketTunnel.appex in Embed Foundation Extensions */,
			);
			name = "Embed Foundation Extensions";
			runOnlyForDeploymentPostprocessing = 0;
		};
/* End PBXCopyFilesBuildPhase section */

/* Begin PBXFileReference section */
		0F1DB126B0E9EF44BF670D56 /* Pods-PacketTunnel.release.xcconfig */ = {isa = PBXFileReference; includeInIndex = 1; lastKnownFileType = text.xcconfig; name = "Pods-PacketTunnel.release.xcconfig"; path = "Target Support Files/Pods-PacketTunnel/Pods-PacketTunnel.release.xcconfig"; sourceTree = "<group>"; };
		1C5CFA8B029109BD6F7F0600 /* Pods-nthLink.debug.xcconfig */ = {isa = PBXFileReference; includeInIndex = 1; lastKnownFileType = text.xcconfig; name = "Pods-nthLink.debug.xcconfig"; path = "Target Support Files/Pods-nthLink/Pods-nthLink.debug.xcconfig"; sourceTree = "<group>"; };
		24618208292C9A8E006962D7 /* nthLink.app */ = {isa = PBXFileReference; explicitFileType = wrapper.application; includeInIndex = 0; path = nthLink.app; sourceTree = BUILT_PRODUCTS_DIR; };
		2461820B292C9A8E006962D7 /* AppDelegate.swift */ = {isa = PBXFileReference; lastKnownFileType = sourcecode.swift; path = AppDelegate.swift; sourceTree = "<group>"; };
		2461820D292C9A8E006962D7 /* SceneDelegate.swift */ = {isa = PBXFileReference; lastKnownFileType = sourcecode.swift; path = SceneDelegate.swift; sourceTree = "<group>"; };
		24618212292C9A8E006962D7 /* Base */ = {isa = PBXFileReference; lastKnownFileType = file.storyboard; name = Base; path = Base.lproj/Main.storyboard; sourceTree = "<group>"; };
		24618214292C9A90006962D7 /* Assets.xcassets */ = {isa = PBXFileReference; lastKnownFileType = folder.assetcatalog; path = Assets.xcassets; sourceTree = "<group>"; };
		24618217292C9A90006962D7 /* Base */ = {isa = PBXFileReference; lastKnownFileType = file.storyboard; name = Base; path = Base.lproj/LaunchScreen.storyboard; sourceTree = "<group>"; };
		24618219292C9A90006962D7 /* Info.plist */ = {isa = PBXFileReference; lastKnownFileType = text.plist.xml; path = Info.plist; sourceTree = "<group>"; };
		24618223292CA960006962D7 /* PacketTunnel.appex */ = {isa = PBXFileReference; explicitFileType = "wrapper.app-extension"; includeInIndex = 0; path = PacketTunnel.appex; sourceTree = BUILT_PRODUCTS_DIR; };
		24618225292CA960006962D7 /* NetworkExtension.framework */ = {isa = PBXFileReference; lastKnownFileType = wrapper.framework; name = NetworkExtension.framework; path = System/Library/Frameworks/NetworkExtension.framework; sourceTree = SDKROOT; };
		24618228292CA960006962D7 /* PacketTunnelProvider.swift */ = {isa = PBXFileReference; lastKnownFileType = sourcecode.swift; path = PacketTunnelProvider.swift; sourceTree = "<group>"; };
		2461822A292CA960006962D7 /* Info.plist */ = {isa = PBXFileReference; lastKnownFileType = text.plist.xml; path = Info.plist; sourceTree = "<group>"; };
		2461822B292CA960006962D7 /* PacketTunnel.entitlements */ = {isa = PBXFileReference; lastKnownFileType = text.plist.entitlements; path = PacketTunnel.entitlements; sourceTree = "<group>"; };
		24618233292CB697006962D7 /* nthLink.entitlements */ = {isa = PBXFileReference; lastKnownFileType = text.plist.entitlements; path = nthLink.entitlements; sourceTree = "<group>"; };
		24E3DEAD29DECA9400A1DA09 /* cacert.pem */ = {isa = PBXFileReference; fileEncoding = 4; lastKnownFileType = text; path = cacert.pem; sourceTree = "<group>"; };
		3DEE3C323D14C91FD20EB1CD /* Pods_PacketTunnel.framework */ = {isa = PBXFileReference; explicitFileType = wrapper.framework; includeInIndex = 0; path = Pods_PacketTunnel.framework; sourceTree = BUILT_PRODUCTS_DIR; };
		7124043C2A7249200070681B /* en */ = {isa = PBXFileReference; lastKnownFileType = text.plist.strings; name = en; path = en.lproj/Localizable.strings; sourceTree = "<group>"; };
		7124043E2A7249570070681B /* ar */ = {isa = PBXFileReference; lastKnownFileType = text.plist.strings; name = ar; path = ar.lproj/Localizable.strings; sourceTree = "<group>"; };
		7124043F2A7249600070681B /* ca */ = {isa = PBXFileReference; lastKnownFileType = text.plist.strings; name = ca; path = ca.lproj/Localizable.strings; sourceTree = "<group>"; };
		712404402A72496F0070681B /* zh-Hans */ = {isa = PBXFileReference; lastKnownFileType = text.plist.strings; name = "zh-Hans"; path = "zh-Hans.lproj/Localizable.strings"; sourceTree = "<group>"; };
		712404412A7249750070681B /* zh-Hant */ = {isa = PBXFileReference; lastKnownFileType = text.plist.strings; name = "zh-Hant"; path = "zh-Hant.lproj/Localizable.strings"; sourceTree = "<group>"; };
		712404422A7249930070681B /* hr */ = {isa = PBXFileReference; lastKnownFileType = text.plist.strings; name = hr; path = hr.lproj/Localizable.strings; sourceTree = "<group>"; };
		712404432A72499B0070681B /* cs */ = {isa = PBXFileReference; lastKnownFileType = text.plist.strings; name = cs; path = cs.lproj/Localizable.strings; sourceTree = "<group>"; };
		712404442A7249A30070681B /* da */ = {isa = PBXFileReference; lastKnownFileType = text.plist.strings; name = da; path = da.lproj/Localizable.strings; sourceTree = "<group>"; };
		712404452A7249AB0070681B /* nl */ = {isa = PBXFileReference; lastKnownFileType = text.plist.strings; name = nl; path = nl.lproj/Localizable.strings; sourceTree = "<group>"; };
		712404462A7249BC0070681B /* fi */ = {isa = PBXFileReference; lastKnownFileType = text.plist.strings; name = fi; path = fi.lproj/Localizable.strings; sourceTree = "<group>"; };
		712404472A7249C60070681B /* fr */ = {isa = PBXFileReference; lastKnownFileType = text.plist.strings; name = fr; path = fr.lproj/Localizable.strings; sourceTree = "<group>"; };
		712404482A7249D20070681B /* fr-CA */ = {isa = PBXFileReference; lastKnownFileType = text.plist.strings; name = "fr-CA"; path = "fr-CA.lproj/Localizable.strings"; sourceTree = "<group>"; };
		712404492A7249DB0070681B /* de */ = {isa = PBXFileReference; lastKnownFileType = text.plist.strings; name = de; path = de.lproj/Localizable.strings; sourceTree = "<group>"; };
		7124044A2A7249E30070681B /* el */ = {isa = PBXFileReference; lastKnownFileType = text.plist.strings; name = el; path = el.lproj/Localizable.strings; sourceTree = "<group>"; };
		7124044B2A7249EB0070681B /* hi */ = {isa = PBXFileReference; lastKnownFileType = text.plist.strings; name = hi; path = hi.lproj/Localizable.strings; sourceTree = "<group>"; };
		7124044C2A7249F50070681B /* hu */ = {isa = PBXFileReference; lastKnownFileType = text.plist.strings; name = hu; path = hu.lproj/Localizable.strings; sourceTree = "<group>"; };
		7124044D2A724A000070681B /* id */ = {isa = PBXFileReference; lastKnownFileType = text.plist.strings; name = id; path = id.lproj/Localizable.strings; sourceTree = "<group>"; };
		7124044E2A724A080070681B /* it */ = {isa = PBXFileReference; lastKnownFileType = text.plist.strings; name = it; path = it.lproj/Localizable.strings; sourceTree = "<group>"; };
		7124044F2A724A0F0070681B /* ja */ = {isa = PBXFileReference; lastKnownFileType = text.plist.strings; name = ja; path = ja.lproj/Localizable.strings; sourceTree = "<group>"; };
		712404502A724A1F0070681B /* ko */ = {isa = PBXFileReference; lastKnownFileType = text.plist.strings; name = ko; path = ko.lproj/Localizable.strings; sourceTree = "<group>"; };
		712404512A724A2D0070681B /* ms */ = {isa = PBXFileReference; lastKnownFileType = text.plist.strings; name = ms; path = ms.lproj/Localizable.strings; sourceTree = "<group>"; };
		712404522A724A380070681B /* nb */ = {isa = PBXFileReference; lastKnownFileType = text.plist.strings; name = nb; path = nb.lproj/Localizable.strings; sourceTree = "<group>"; };
		712404532A724A480070681B /* pl */ = {isa = PBXFileReference; lastKnownFileType = text.plist.strings; name = pl; path = pl.lproj/Localizable.strings; sourceTree = "<group>"; };
		712404542A724A540070681B /* pt-BR */ = {isa = PBXFileReference; lastKnownFileType = text.plist.strings; name = "pt-BR"; path = "pt-BR.lproj/Localizable.strings"; sourceTree = "<group>"; };
		712404552A724A5B0070681B /* pt-PT */ = {isa = PBXFileReference; lastKnownFileType = text.plist.strings; name = "pt-PT"; path = "pt-PT.lproj/Localizable.strings"; sourceTree = "<group>"; };
		712404562A724A660070681B /* ro */ = {isa = PBXFileReference; lastKnownFileType = text.plist.strings; name = ro; path = ro.lproj/Localizable.strings; sourceTree = "<group>"; };
		712404572A724A6C0070681B /* ru */ = {isa = PBXFileReference; lastKnownFileType = text.plist.strings; name = ru; path = ru.lproj/Localizable.strings; sourceTree = "<group>"; };
		712404582A724A780070681B /* sk */ = {isa = PBXFileReference; lastKnownFileType = text.plist.strings; name = sk; path = sk.lproj/Localizable.strings; sourceTree = "<group>"; };
		712404592A724A830070681B /* es */ = {isa = PBXFileReference; lastKnownFileType = text.plist.strings; name = es; path = es.lproj/Localizable.strings; sourceTree = "<group>"; };
		7124045A2A724A890070681B /* es-419 */ = {isa = PBXFileReference; lastKnownFileType = text.plist.strings; name = "es-419"; path = "es-419.lproj/Localizable.strings"; sourceTree = "<group>"; };
		7124045B2A724A900070681B /* sv */ = {isa = PBXFileReference; lastKnownFileType = text.plist.strings; name = sv; path = sv.lproj/Localizable.strings; sourceTree = "<group>"; };
		7124045C2A724A970070681B /* th */ = {isa = PBXFileReference; lastKnownFileType = text.plist.strings; name = th; path = th.lproj/Localizable.strings; sourceTree = "<group>"; };
		7124045D2A724A9D0070681B /* tr */ = {isa = PBXFileReference; lastKnownFileType = text.plist.strings; name = tr; path = tr.lproj/Localizable.strings; sourceTree = "<group>"; };
		7124045E2A724AA60070681B /* uk */ = {isa = PBXFileReference; lastKnownFileType = text.plist.strings; name = uk; path = uk.lproj/Localizable.strings; sourceTree = "<group>"; };
		7124045F2A724AAC0070681B /* vi */ = {isa = PBXFileReference; lastKnownFileType = text.plist.strings; name = vi; path = vi.lproj/Localizable.strings; sourceTree = "<group>"; };
		712404602A724AC60070681B /* lv */ = {isa = PBXFileReference; lastKnownFileType = text.plist.strings; name = lv; path = lv.lproj/Localizable.strings; sourceTree = "<group>"; };
		712404612A724AD90070681B /* lt */ = {isa = PBXFileReference; lastKnownFileType = text.plist.strings; name = lt; path = lt.lproj/Localizable.strings; sourceTree = "<group>"; };
		712404622A724B040070681B /* am */ = {isa = PBXFileReference; lastKnownFileType = text.plist.strings; name = am; path = am.lproj/Localizable.strings; sourceTree = "<group>"; };
		712404632A724B130070681B /* bg */ = {isa = PBXFileReference; lastKnownFileType = text.plist.strings; name = bg; path = bg.lproj/Localizable.strings; sourceTree = "<group>"; };
		712404642A724B410070681B /* fa */ = {isa = PBXFileReference; lastKnownFileType = text.plist.strings; name = fa; path = fa.lproj/Localizable.strings; sourceTree = "<group>"; };
		712404652A724B610070681B /* sr */ = {isa = PBXFileReference; lastKnownFileType = text.plist.strings; name = sr; path = sr.lproj/Localizable.strings; sourceTree = "<group>"; };
		8295FF2CC79774B40588A0C4 /* Pods-nthLink.release.xcconfig */ = {isa = PBXFileReference; includeInIndex = 1; lastKnownFileType = text.xcconfig; name = "Pods-nthLink.release.xcconfig"; path = "Target Support Files/Pods-nthLink/Pods-nthLink.release.xcconfig"; sourceTree = "<group>"; };
		899F49E8EF2494C056D28F20 /* Pods_nthLink.framework */ = {isa = PBXFileReference; explicitFileType = wrapper.framework; includeInIndex = 0; path = Pods_nthLink.framework; sourceTree = BUILT_PRODUCTS_DIR; };
		CF78A10D87072A2D65B1B1EE /* Pods-PacketTunnel.debug.xcconfig */ = {isa = PBXFileReference; includeInIndex = 1; lastKnownFileType = text.xcconfig; name = "Pods-PacketTunnel.debug.xcconfig"; path = "Target Support Files/Pods-PacketTunnel/Pods-PacketTunnel.debug.xcconfig"; sourceTree = "<group>"; };
		E0079E062D1DB44500F18522 /* AppUpdateViewController.swift */ = {isa = PBXFileReference; lastKnownFileType = sourcecode.swift; path = AppUpdateViewController.swift; sourceTree = "<group>"; };
		E011ABB62CFF36DF00C58500 /* DiagnosticsViewController.swift */ = {isa = PBXFileReference; lastKnownFileType = sourcecode.swift; path = DiagnosticsViewController.swift; sourceTree = "<group>"; };
		E01470B12BE91B38007CDD9A /* FeedbackController.swift */ = {isa = PBXFileReference; fileEncoding = 4; lastKnownFileType = sourcecode.swift; path = FeedbackController.swift; sourceTree = "<group>"; };
		E01470B22BE91B38007CDD9A /* FeedbackServiceManager.swift */ = {isa = PBXFileReference; fileEncoding = 4; lastKnownFileType = sourcecode.swift; path = FeedbackServiceManager.swift; sourceTree = "<group>"; };
		E01470B42BE91B38007CDD9A /* HelpController.swift */ = {isa = PBXFileReference; fileEncoding = 4; lastKnownFileType = sourcecode.swift; path = HelpController.swift; sourceTree = "<group>"; };
		E01470B62BE91B38007CDD9A /* HomeNotificationTableViewCell.swift */ = {isa = PBXFileReference; fileEncoding = 4; lastKnownFileType = sourcecode.swift; path = HomeNotificationTableViewCell.swift; sourceTree = "<group>"; };
		E01470B72BE91B38007CDD9A /* HomeNotificationTableViewCell.xib */ = {isa = PBXFileReference; fileEncoding = 4; lastKnownFileType = file.xib; path = HomeNotificationTableViewCell.xib; sourceTree = "<group>"; };
		E01470B82BE91B38007CDD9A /* NewsBottomListTableViewCell.swift */ = {isa = PBXFileReference; fileEncoding = 4; lastKnownFileType = sourcecode.swift; path = NewsBottomListTableViewCell.swift; sourceTree = "<group>"; };
		E01470B92BE91B38007CDD9A /* NewsBottomListTableViewCell.xib */ = {isa = PBXFileReference; fileEncoding = 4; lastKnownFileType = file.xib; path = NewsBottomListTableViewCell.xib; sourceTree = "<group>"; };
		E01470BA2BE91B38007CDD9A /* NewsTopHeadingTableViewCell.swift */ = {isa = PBXFileReference; fileEncoding = 4; lastKnownFileType = sourcecode.swift; path = NewsTopHeadingTableViewCell.swift; sourceTree = "<group>"; };
		E01470BB2BE91B38007CDD9A /* NewsTopHeadingTableViewCell.xib */ = {isa = PBXFileReference; fileEncoding = 4; lastKnownFileType = file.xib; path = NewsTopHeadingTableViewCell.xib; sourceTree = "<group>"; };
		E01470BD2BE91B38007CDD9A /* HomeViewController.swift */ = {isa = PBXFileReference; fileEncoding = 4; lastKnownFileType = sourcecode.swift; path = HomeViewController.swift; sourceTree = "<group>"; };
		E01470BE2BE91B38007CDD9A /* HomeViewController+LoadNews.swift */ = {isa = PBXFileReference; fileEncoding = 4; lastKnownFileType = sourcecode.swift; path = "HomeViewController+LoadNews.swift"; sourceTree = "<group>"; };
		E01470BF2BE91B38007CDD9A /* HomeViewController+VPNConnect.swift */ = {isa = PBXFileReference; fileEncoding = 4; lastKnownFileType = sourcecode.swift; path = "HomeViewController+VPNConnect.swift"; sourceTree = "<group>"; };
		E01470C02BE91B38007CDD9A /* NewsData.swift */ = {isa = PBXFileReference; fileEncoding = 4; lastKnownFileType = sourcecode.swift; path = NewsData.swift; sourceTree = "<group>"; };
		E01470C32BE91B38007CDD9A /* MenuController.swift */ = {isa = PBXFileReference; fileEncoding = 4; lastKnownFileType = sourcecode.swift; path = MenuController.swift; sourceTree = "<group>"; };
		E01470C42BE91B38007CDD9A /* RootView.swift */ = {isa = PBXFileReference; fileEncoding = 4; lastKnownFileType = sourcecode.swift; path = RootView.swift; sourceTree = "<group>"; };
		E01470C62BE91B38007CDD9A /* NewsController.swift */ = {isa = PBXFileReference; fileEncoding = 4; lastKnownFileType = sourcecode.swift; path = NewsController.swift; sourceTree = "<group>"; };
		E01470C82BE91B38007CDD9A /* PrivacyController.swift */ = {isa = PBXFileReference; fileEncoding = 4; lastKnownFileType = sourcecode.swift; path = PrivacyController.swift; sourceTree = "<group>"; };
		E01470CA2BE91B38007CDD9A /* SplashController.swift */ = {isa = PBXFileReference; fileEncoding = 4; lastKnownFileType = sourcecode.swift; path = SplashController.swift; sourceTree = "<group>"; };
		E01470CD2BE91B38007CDD9A /* LocalizedStringEnum.swift */ = {isa = PBXFileReference; fileEncoding = 4; lastKnownFileType = sourcecode.swift; path = LocalizedStringEnum.swift; sourceTree = "<group>"; };
		E01470CF2BE91B38007CDD9A /* AppBaseViewController.swift */ = {isa = PBXFileReference; fileEncoding = 4; lastKnownFileType = sourcecode.swift; path = AppBaseViewController.swift; sourceTree = "<group>"; };
		E01470D02BE91B38007CDD9A /* UIStoryBoard+Loader.swift */ = {isa = PBXFileReference; fileEncoding = 4; lastKnownFileType = sourcecode.swift; path = "UIStoryBoard+Loader.swift"; sourceTree = "<group>"; };
		E01470D12BE91B38007CDD9A /* Utilities.swift */ = {isa = PBXFileReference; fileEncoding = 4; lastKnownFileType = sourcecode.swift; path = Utilities.swift; sourceTree = "<group>"; };
		E01470D22BE91B38007CDD9A /* Utilities+Cacher.swift */ = {isa = PBXFileReference; fileEncoding = 4; lastKnownFileType = sourcecode.swift; path = "Utilities+Cacher.swift"; sourceTree = "<group>"; };
		E01470D32BE91B38007CDD9A /* Utilities+NSObject.swift */ = {isa = PBXFileReference; fileEncoding = 4; lastKnownFileType = sourcecode.swift; path = "Utilities+NSObject.swift"; sourceTree = "<group>"; };
		E01470D42BE91B38007CDD9A /* Utilities+StatusBar.swift */ = {isa = PBXFileReference; fileEncoding = 4; lastKnownFileType = sourcecode.swift; path = "Utilities+StatusBar.swift"; sourceTree = "<group>"; };
		E01470D52BE91B38007CDD9A /* Utilities+UIButton.swift */ = {isa = PBXFileReference; fileEncoding = 4; lastKnownFileType = sourcecode.swift; path = "Utilities+UIButton.swift"; sourceTree = "<group>"; };
		E01470D62BE91B38007CDD9A /* Utilities+UILabel.swift */ = {isa = PBXFileReference; fileEncoding = 4; lastKnownFileType = sourcecode.swift; path = "Utilities+UILabel.swift"; sourceTree = "<group>"; };
		E01470D72BE91B38007CDD9A /* Utilities+UITextField.swift */ = {isa = PBXFileReference; fileEncoding = 4; lastKnownFileType = sourcecode.swift; path = "Utilities+UITextField.swift"; sourceTree = "<group>"; };
		E01470D82BE91B38007CDD9A /* Utilities+UIView.swift */ = {isa = PBXFileReference; fileEncoding = 4; lastKnownFileType = sourcecode.swift; path = "Utilities+UIView.swift"; sourceTree = "<group>"; };
		E01470DA2BE91B38007CDD9A /* VPNConstants.swift */ = {isa = PBXFileReference; fileEncoding = 4; lastKnownFileType = sourcecode.swift; path = VPNConstants.swift; sourceTree = "<group>"; };
		E01470DB2BE91B38007CDD9A /* VPNServiceManager.swift */ = {isa = PBXFileReference; fileEncoding = 4; lastKnownFileType = sourcecode.swift; path = VPNServiceManager.swift; sourceTree = "<group>"; };
		E01470DD2BE91B38007CDD9A /* AppConfiguration.swift */ = {isa = PBXFileReference; fileEncoding = 4; lastKnownFileType = sourcecode.swift; path = AppConfiguration.swift; sourceTree = "<group>"; };
		E01470DE2BE91B38007CDD9A /* Constants.swift */ = {isa = PBXFileReference; fileEncoding = 4; lastKnownFileType = sourcecode.swift; path = Constants.swift; sourceTree = "<group>"; };
		E01470DF2BE91B38007CDD9A /* EventModel.swift */ = {isa = PBXFileReference; fileEncoding = 4; lastKnownFileType = sourcecode.swift; path = EventModel.swift; sourceTree = "<group>"; };
		E01470E02BE91B38007CDD9A /* Extension.swift */ = {isa = PBXFileReference; fileEncoding = 4; lastKnownFileType = sourcecode.swift; path = Extension.swift; sourceTree = "<group>"; };
		E04CACF52C416ACF008194FD /* FollowUsView.swift */ = {isa = PBXFileReference; lastKnownFileType = sourcecode.swift; path = FollowUsView.swift; sourceTree = "<group>"; };
		E07273CF2ED5961A008072B1 /* News.json */ = {isa = PBXFileReference; lastKnownFileType = text.json; path = News.json; sourceTree = "<group>"; };
		E0A1AF3E2ECC74D000C1FF76 /* EmojiSlider.swift */ = {isa = PBXFileReference; lastKnownFileType = sourcecode.swift; path = EmojiSlider.swift; sourceTree = "<group>"; };
		E0AC87BE2D67211A0034A390 /* ShimmeringViewProtocol.swift */ = {isa = PBXFileReference; lastKnownFileType = sourcecode.swift; path = ShimmeringViewProtocol.swift; sourceTree = "<group>"; };
		E0AC87C02D67211A0034A390 /* UIView+Extensions.swift */ = {isa = PBXFileReference; lastKnownFileType = sourcecode.swift; path = "UIView+Extensions.swift"; sourceTree = "<group>"; };
		E0AC87C12D67211A0034A390 /* UIView+Shimmer.swift */ = {isa = PBXFileReference; lastKnownFileType = sourcecode.swift; path = "UIView+Shimmer.swift"; sourceTree = "<group>"; };
		E0AC87C22D67211A0034A390 /* UIView+Template.swift */ = {isa = PBXFileReference; lastKnownFileType = sourcecode.swift; path = "UIView+Template.swift"; sourceTree = "<group>"; };
		E0B403EA2D104C9700A9ED15 /* Utilities+ActivityLoader.swift */ = {isa = PBXFileReference; lastKnownFileType = sourcecode.swift; path = "Utilities+ActivityLoader.swift"; sourceTree = "<group>"; };
		E0D0C6BC2D715668006D9A00 /* ImageCacheManager.swift */ = {isa = PBXFileReference; lastKnownFileType = sourcecode.swift; path = ImageCacheManager.swift; sourceTree = "<group>"; };
		E0DD0D672EB7114100E287A4 /* leaf.xcframework */ = {isa = PBXFileReference; lastKnownFileType = wrapper.xcframework; name = leaf.xcframework; path = "/Users/vaneetmodgill/Documents/GitHub/Teon/leafLibrary/Leaf Library Nov 2 /leaf.xcframework"; sourceTree = "<absolute>"; };
		E0DD0D6A2EBAF14700E287A4 /* HomeViewController+ConnectivityCheck.swift */ = {isa = PBXFileReference; lastKnownFileType = sourcecode.swift; path = "HomeViewController+ConnectivityCheck.swift"; sourceTree = "<group>"; };
/* End PBXFileReference section */

/* Begin PBXFrameworksBuildPhase section */
		24618205292C9A8E006962D7 /* Frameworks */ = {
			isa = PBXFrameworksBuildPhase;
			buildActionMask = 2147483647;
			files = (
				FA45CB4D90088814CD6F9B62 /* Pods_nthLink.framework in Frameworks */,
			);
			runOnlyForDeploymentPostprocessing = 0;
		};
		24618220292CA960006962D7 /* Frameworks */ = {
			isa = PBXFrameworksBuildPhase;
			buildActionMask = 2147483647;
			files = (
				E0DD0D682EB7114100E287A4 /* leaf.xcframework in Frameworks */,
				24618226292CA960006962D7 /* NetworkExtension.framework in Frameworks */,
				300F0865481F557E571A8A47 /* Pods_PacketTunnel.framework in Frameworks */,
			);
			runOnlyForDeploymentPostprocessing = 0;
		};
/* End PBXFrameworksBuildPhase section */

/* Begin PBXGroup section */
		246181FF292C9A8E006962D7 = {
			isa = PBXGroup;
			children = (
				E0DD0D672EB7114100E287A4 /* leaf.xcframework */,
				2461820A292C9A8E006962D7 /* nthLink */,
				24618227292CA960006962D7 /* PacketTunnel */,
				24618224292CA960006962D7 /* Frameworks */,
				24618209292C9A8E006962D7 /* Products */,
				9FCBD207D6E2AC8E36BCCB55 /* Pods */,
			);
			sourceTree = "<group>";
		};
		24618209292C9A8E006962D7 /* Products */ = {
			isa = PBXGroup;
			children = (
				24618208292C9A8E006962D7 /* nthLink.app */,
				24618223292CA960006962D7 /* PacketTunnel.appex */,
			);
			name = Products;
			sourceTree = "<group>";
		};
		2461820A292C9A8E006962D7 /* nthLink */ = {
			isa = PBXGroup;
			children = (
				E01470E12BE91B38007CDD9A /* Common */,
				E01470CC2BE91B38007CDD9A /* Controller */,
				24618233292CB697006962D7 /* nthLink.entitlements */,
				E07273CF2ED5961A008072B1 /* News.json */,
				2461820B292C9A8E006962D7 /* AppDelegate.swift */,
				2461820D292C9A8E006962D7 /* SceneDelegate.swift */,
				7124043D2A7249200070681B /* Localizable.strings */,
				24618211292C9A8E006962D7 /* Main.storyboard */,
				24618214292C9A90006962D7 /* Assets.xcassets */,
				24618216292C9A90006962D7 /* LaunchScreen.storyboard */,
				24618219292C9A90006962D7 /* Info.plist */,
			);
			path = nthLink;
			sourceTree = "<group>";
		};
		24618224292CA960006962D7 /* Frameworks */ = {
			isa = PBXGroup;
			children = (
				24618225292CA960006962D7 /* NetworkExtension.framework */,
				3DEE3C323D14C91FD20EB1CD /* Pods_PacketTunnel.framework */,
				899F49E8EF2494C056D28F20 /* Pods_nthLink.framework */,
			);
			name = Frameworks;
			sourceTree = "<group>";
		};
		24618227292CA960006962D7 /* PacketTunnel */ = {
			isa = PBXGroup;
			children = (
				24618228292CA960006962D7 /* PacketTunnelProvider.swift */,
				24E3DEAD29DECA9400A1DA09 /* cacert.pem */,
				2461822A292CA960006962D7 /* Info.plist */,
				2461822B292CA960006962D7 /* PacketTunnel.entitlements */,
			);
			path = PacketTunnel;
			sourceTree = "<group>";
		};
		9FCBD207D6E2AC8E36BCCB55 /* Pods */ = {
			isa = PBXGroup;
			children = (
				CF78A10D87072A2D65B1B1EE /* Pods-PacketTunnel.debug.xcconfig */,
				0F1DB126B0E9EF44BF670D56 /* Pods-PacketTunnel.release.xcconfig */,
				1C5CFA8B029109BD6F7F0600 /* Pods-nthLink.debug.xcconfig */,
				8295FF2CC79774B40588A0C4 /* Pods-nthLink.release.xcconfig */,
			);
			path = Pods;
			sourceTree = "<group>";
		};
		E0079E052D1DB42700F18522 /* NewUpdate */ = {
			isa = PBXGroup;
			children = (
				E0079E062D1DB44500F18522 /* AppUpdateViewController.swift */,
			);
			path = NewUpdate;
			sourceTree = "<group>";
		};
		E011ABB52CFF36A400C58500 /* Diagnostics */ = {
			isa = PBXGroup;
			children = (
				E011ABB62CFF36DF00C58500 /* DiagnosticsViewController.swift */,
			);
			path = Diagnostics;
			sourceTree = "<group>";
		};
		E01470B32BE91B38007CDD9A /* Feedback */ = {
			isa = PBXGroup;
			children = (
				E01470B12BE91B38007CDD9A /* FeedbackController.swift */,
				E01470B22BE91B38007CDD9A /* FeedbackServiceManager.swift */,
			);
			path = Feedback;
			sourceTree = "<group>";
		};
		E01470B52BE91B38007CDD9A /* Help */ = {
			isa = PBXGroup;
			children = (
				E01470B42BE91B38007CDD9A /* HelpController.swift */,
			);
			path = Help;
			sourceTree = "<group>";
		};
		E01470BC2BE91B38007CDD9A /* Cells */ = {
			isa = PBXGroup;
			children = (
				E01470B62BE91B38007CDD9A /* HomeNotificationTableViewCell.swift */,
				E01470B72BE91B38007CDD9A /* HomeNotificationTableViewCell.xib */,
				E01470B82BE91B38007CDD9A /* NewsBottomListTableViewCell.swift */,
				E01470B92BE91B38007CDD9A /* NewsBottomListTableViewCell.xib */,
				E01470BA2BE91B38007CDD9A /* NewsTopHeadingTableViewCell.swift */,
				E01470BB2BE91B38007CDD9A /* NewsTopHeadingTableViewCell.xib */,
			);
			path = Cells;
			sourceTree = "<group>";
		};
		E01470C22BE91B38007CDD9A /* Home */ = {
			isa = PBXGroup;
			children = (
				E01470BC2BE91B38007CDD9A /* Cells */,
				E01470BD2BE91B38007CDD9A /* HomeViewController.swift */,
				E0DD0D6A2EBAF14700E287A4 /* HomeViewController+ConnectivityCheck.swift */,
				E01470BE2BE91B38007CDD9A /* HomeViewController+LoadNews.swift */,
				E01470BF2BE91B38007CDD9A /* HomeViewController+VPNConnect.swift */,
				E01470C02BE91B38007CDD9A /* NewsData.swift */,
			);
			path = Home;
			sourceTree = "<group>";
		};
		E01470C52BE91B38007CDD9A /* Menu */ = {
			isa = PBXGroup;
			children = (
				E01470C32BE91B38007CDD9A /* MenuController.swift */,
				E01470C42BE91B38007CDD9A /* RootView.swift */,
			);
			path = Menu;
			sourceTree = "<group>";
		};
		E01470C72BE91B38007CDD9A /* NewsView */ = {
			isa = PBXGroup;
			children = (
				E01470C62BE91B38007CDD9A /* NewsController.swift */,
			);
			path = NewsView;
			sourceTree = "<group>";
		};
		E01470C92BE91B38007CDD9A /* Privacy */ = {
			isa = PBXGroup;
			children = (
				E01470C82BE91B38007CDD9A /* PrivacyController.swift */,
			);
			path = Privacy;
			sourceTree = "<group>";
		};
		E01470CB2BE91B38007CDD9A /* Splash */ = {
			isa = PBXGroup;
			children = (
				E01470CA2BE91B38007CDD9A /* SplashController.swift */,
			);
			path = Splash;
			sourceTree = "<group>";
		};
		E01470CC2BE91B38007CDD9A /* Controller */ = {
			isa = PBXGroup;
			children = (
				E0079E052D1DB42700F18522 /* NewUpdate */,
				E04CACF42C416AAE008194FD /* Follow Us */,
				E01470B32BE91B38007CDD9A /* Feedback */,
				E01470B52BE91B38007CDD9A /* Help */,
				E01470C22BE91B38007CDD9A /* Home */,
				E01470C52BE91B38007CDD9A /* Menu */,
				E01470C72BE91B38007CDD9A /* NewsView */,
				E01470C92BE91B38007CDD9A /* Privacy */,
				E011ABB52CFF36A400C58500 /* Diagnostics */,
				E01470CB2BE91B38007CDD9A /* Splash */,
			);
			path = Controller;
			sourceTree = "<group>";
		};
		E01470CE2BE91B38007CDD9A /* Localization */ = {
			isa = PBXGroup;
			children = (
				E01470CD2BE91B38007CDD9A /* LocalizedStringEnum.swift */,
			);
			path = Localization;
			sourceTree = "<group>";
		};
		E01470D92BE91B38007CDD9A /* Utilities */ = {
			isa = PBXGroup;
			children = (
				E0AC87C42D67211A0034A390 /* Shimmer */,
				E0A1AF3E2ECC74D000C1FF76 /* EmojiSlider.swift */,
				E01470CF2BE91B38007CDD9A /* AppBaseViewController.swift */,
				E01470D02BE91B38007CDD9A /* UIStoryBoard+Loader.swift */,
				E01470D12BE91B38007CDD9A /* Utilities.swift */,
				E01470D22BE91B38007CDD9A /* Utilities+Cacher.swift */,
				E01470D32BE91B38007CDD9A /* Utilities+NSObject.swift */,
				E01470D42BE91B38007CDD9A /* Utilities+StatusBar.swift */,
				E01470D52BE91B38007CDD9A /* Utilities+UIButton.swift */,
				E01470D62BE91B38007CDD9A /* Utilities+UILabel.swift */,
				E0B403EA2D104C9700A9ED15 /* Utilities+ActivityLoader.swift */,
				E0D0C6BC2D715668006D9A00 /* ImageCacheManager.swift */,
				E01470D72BE91B38007CDD9A /* Utilities+UITextField.swift */,
				E01470D82BE91B38007CDD9A /* Utilities+UIView.swift */,
			);
			path = Utilities;
			sourceTree = "<group>";
		};
		E01470DC2BE91B38007CDD9A /* VPNManager */ = {
			isa = PBXGroup;
			children = (
				E01470DA2BE91B38007CDD9A /* VPNConstants.swift */,
				E01470DB2BE91B38007CDD9A /* VPNServiceManager.swift */,
			);
			path = VPNManager;
			sourceTree = "<group>";
		};
		E01470E12BE91B38007CDD9A /* Common */ = {
			isa = PBXGroup;
			children = (
				E01470CE2BE91B38007CDD9A /* Localization */,
				E01470D92BE91B38007CDD9A /* Utilities */,
				E01470DC2BE91B38007CDD9A /* VPNManager */,
				E01470DD2BE91B38007CDD9A /* AppConfiguration.swift */,
				E01470DE2BE91B38007CDD9A /* Constants.swift */,
				E01470DF2BE91B38007CDD9A /* EventModel.swift */,
				E01470E02BE91B38007CDD9A /* Extension.swift */,
			);
			path = Common;
			sourceTree = "<group>";
		};
		E04CACF42C416AAE008194FD /* Follow Us */ = {
			isa = PBXGroup;
			children = (
				E04CACF52C416ACF008194FD /* FollowUsView.swift */,
			);
			path = "Follow Us";
			sourceTree = "<group>";
		};
		E0AC87BF2D67211A0034A390 /* Models */ = {
			isa = PBXGroup;
			children = (
				E0AC87BE2D67211A0034A390 /* ShimmeringViewProtocol.swift */,
			);
			path = Models;
			sourceTree = "<group>";
		};
		E0AC87C32D67211A0034A390 /* UIView+Extensions */ = {
			isa = PBXGroup;
			children = (
				E0AC87C02D67211A0034A390 /* UIView+Extensions.swift */,
				E0AC87C12D67211A0034A390 /* UIView+Shimmer.swift */,
				E0AC87C22D67211A0034A390 /* UIView+Template.swift */,
			);
			path = "UIView+Extensions";
			sourceTree = "<group>";
		};
		E0AC87C42D67211A0034A390 /* Shimmer */ = {
			isa = PBXGroup;
			children = (
				E0AC87BF2D67211A0034A390 /* Models */,
				E0AC87C32D67211A0034A390 /* UIView+Extensions */,
			);
			path = Shimmer;
			sourceTree = "<group>";
		};
/* End PBXGroup section */

/* Begin PBXNativeTarget section */
		24618207292C9A8E006962D7 /* nthLink */ = {
			isa = PBXNativeTarget;
			buildConfigurationList = 2461821C292C9A90006962D7 /* Build configuration list for PBXNativeTarget "nthLink" */;
			buildPhases = (
				3A6CCA6361DC36EBE3BAC22A /* [CP] Check Pods Manifest.lock */,
				24618204292C9A8E006962D7 /* Sources */,
				24618205292C9A8E006962D7 /* Frameworks */,
				24618206292C9A8E006962D7 /* Resources */,
				2461822F292CA960006962D7 /* Embed Foundation Extensions */,
				24286F762939516200ED6C41 /* Embed Frameworks */,
				EDD1DDB02EC2A125C8343614 /* [CP] Embed Pods Frameworks */,
			);
			buildRules = (
			);
			dependencies = (
				2461822D292CA960006962D7 /* PBXTargetDependency */,
			);
			name = nthLink;
			productName = "teonvpn-ios-demo";
			productReference = 24618208292C9A8E006962D7 /* nthLink.app */;
			productType = "com.apple.product-type.application";
		};
		24618222292CA960006962D7 /* PacketTunnel */ = {
			isa = PBXNativeTarget;
			buildConfigurationList = 24618232292CA960006962D7 /* Build configuration list for PBXNativeTarget "PacketTunnel" */;
			buildPhases = (
				B5A6B3E0E3CFF05122A0F5D1 /* [CP] Check Pods Manifest.lock */,
				2461821F292CA960006962D7 /* Sources */,
				24618220292CA960006962D7 /* Frameworks */,
				24618221292CA960006962D7 /* Resources */,
			);
			buildRules = (
			);
			dependencies = (
			);
			name = PacketTunnel;
			productName = PacketTunnel;
			productReference = 24618223292CA960006962D7 /* PacketTunnel.appex */;
			productType = "com.apple.product-type.app-extension";
		};
/* End PBXNativeTarget section */

/* Begin PBXProject section */
		24618200292C9A8E006962D7 /* Project object */ = {
			isa = PBXProject;
			attributes = {
				BuildIndependentTargetsInParallel = 1;
				LastSwiftUpdateCheck = 1410;
				LastUpgradeCheck = 1410;
				TargetAttributes = {
					24618207292C9A8E006962D7 = {
						CreatedOnToolsVersion = 14.1;
					};
					24618222292CA960006962D7 = {
						CreatedOnToolsVersion = 14.1;
					};
				};
			};
			buildConfigurationList = 24618203292C9A8E006962D7 /* Build configuration list for PBXProject "nthLink" */;
			compatibilityVersion = "Xcode 14.0";
			developmentRegion = en;
			hasScannedForEncodings = 0;
			knownRegions = (
				en,
				Base,
				ar,
				ca,
				"zh-Hans",
				"zh-Hant",
				hr,
				cs,
				da,
				nl,
				fi,
				fr,
				"fr-CA",
				de,
				el,
				hi,
				hu,
				id,
				it,
				ja,
				ko,
				ms,
				nb,
				pl,
				"pt-BR",
				"pt-PT",
				ro,
				ru,
				sk,
				es,
				"es-419",
				sv,
				th,
				tr,
				uk,
				vi,
				lv,
				lt,
				am,
				bg,
				fa,
				sr,
			);
			mainGroup = 246181FF292C9A8E006962D7;
			productRefGroup = 24618209292C9A8E006962D7 /* Products */;
			projectDirPath = "";
			projectRoot = "";
			targets = (
				24618207292C9A8E006962D7 /* nthLink */,
				24618222292CA960006962D7 /* PacketTunnel */,
			);
		};
/* End PBXProject section */

/* Begin PBXResourcesBuildPhase section */
		24618206292C9A8E006962D7 /* Resources */ = {
			isa = PBXResourcesBuildPhase;
			buildActionMask = 2147483647;
			files = (
				7124043B2A7249200070681B /* Localizable.strings in Resources */,
				24618218292C9A90006962D7 /* LaunchScreen.storyboard in Resources */,
				E01470E62BE91B38007CDD9A /* HomeNotificationTableViewCell.xib in Resources */,
				E01470E82BE91B38007CDD9A /* NewsBottomListTableViewCell.xib in Resources */,
				24618215292C9A90006962D7 /* Assets.xcassets in Resources */,
				E01470EA2BE91B38007CDD9A /* NewsTopHeadingTableViewCell.xib in Resources */,
				E07273D02ED5961A008072B1 /* News.json in Resources */,
				24618213292C9A8E006962D7 /* Main.storyboard in Resources */,
			);
			runOnlyForDeploymentPostprocessing = 0;
		};
		24618221292CA960006962D7 /* Resources */ = {
			isa = PBXResourcesBuildPhase;
			buildActionMask = 2147483647;
			files = (
				24E3DEAE29DECA9400A1DA09 /* cacert.pem in Resources */,
			);
			runOnlyForDeploymentPostprocessing = 0;
		};
/* End PBXResourcesBuildPhase section */

/* Begin PBXShellScriptBuildPhase section */
		3A6CCA6361DC36EBE3BAC22A /* [CP] Check Pods Manifest.lock */ = {
			isa = PBXShellScriptBuildPhase;
			buildActionMask = 2147483647;
			files = (
			);
			inputFileListPaths = (
			);
			inputPaths = (
				"${PODS_PODFILE_DIR_PATH}/Podfile.lock",
				"${PODS_ROOT}/Manifest.lock",
			);
			name = "[CP] Check Pods Manifest.lock";
			outputFileListPaths = (
			);
			outputPaths = (
				"$(DERIVED_FILE_DIR)/Pods-nthLink-checkManifestLockResult.txt",
			);
			runOnlyForDeploymentPostprocessing = 0;
			shellPath = /bin/sh;
			shellScript = "diff \"${PODS_PODFILE_DIR_PATH}/Podfile.lock\" \"${PODS_ROOT}/Manifest.lock\" > /dev/null\nif [ $? != 0 ] ; then\n    # print error to STDERR\n    echo \"error: The sandbox is not in sync with the Podfile.lock. Run 'pod install' or update your CocoaPods installation.\" >&2\n    exit 1\nfi\n# This output is used by Xcode 'outputs' to avoid re-running this script phase.\necho \"SUCCESS\" > \"${SCRIPT_OUTPUT_FILE_0}\"\n";
			showEnvVarsInLog = 0;
		};
		B5A6B3E0E3CFF05122A0F5D1 /* [CP] Check Pods Manifest.lock */ = {
			isa = PBXShellScriptBuildPhase;
			buildActionMask = 2147483647;
			files = (
			);
			inputFileListPaths = (
			);
			inputPaths = (
				"${PODS_PODFILE_DIR_PATH}/Podfile.lock",
				"${PODS_ROOT}/Manifest.lock",
			);
			name = "[CP] Check Pods Manifest.lock";
			outputFileListPaths = (
			);
			outputPaths = (
				"$(DERIVED_FILE_DIR)/Pods-PacketTunnel-checkManifestLockResult.txt",
			);
			runOnlyForDeploymentPostprocessing = 0;
			shellPath = /bin/sh;
			shellScript = "diff \"${PODS_PODFILE_DIR_PATH}/Podfile.lock\" \"${PODS_ROOT}/Manifest.lock\" > /dev/null\nif [ $? != 0 ] ; then\n    # print error to STDERR\n    echo \"error: The sandbox is not in sync with the Podfile.lock. Run 'pod install' or update your CocoaPods installation.\" >&2\n    exit 1\nfi\n# This output is used by Xcode 'outputs' to avoid re-running this script phase.\necho \"SUCCESS\" > \"${SCRIPT_OUTPUT_FILE_0}\"\n";
			showEnvVarsInLog = 0;
		};
		EDD1DDB02EC2A125C8343614 /* [CP] Embed Pods Frameworks */ = {
			isa = PBXShellScriptBuildPhase;
			buildActionMask = 2147483647;
			files = (
			);
			inputFileListPaths = (
				"${PODS_ROOT}/Target Support Files/Pods-nthLink/Pods-nthLink-frameworks-${CONFIGURATION}-input-files.xcfilelist",
			);
			inputPaths = (
			);
			name = "[CP] Embed Pods Frameworks";
			outputFileListPaths = (
				"${PODS_ROOT}/Target Support Files/Pods-nthLink/Pods-nthLink-frameworks-${CONFIGURATION}-output-files.xcfilelist",
			);
			outputPaths = (
			);
			runOnlyForDeploymentPostprocessing = 0;
			shellPath = /bin/sh;
			shellScript = "\"${PODS_ROOT}/Target Support Files/Pods-nthLink/Pods-nthLink-frameworks.sh\"\n";
			showEnvVarsInLog = 0;
		};
/* End PBXShellScriptBuildPhase section */

/* Begin PBXSourcesBuildPhase section */
		24618204292C9A8E006962D7 /* Sources */ = {
			isa = PBXSourcesBuildPhase;
			buildActionMask = 2147483647;
			files = (
				E01470FC2BE91B38007CDD9A /* Utilities+UIButton.swift in Sources */,
				E0DD0D6B2EBAF14700E287A4 /* HomeViewController+ConnectivityCheck.swift in Sources */,
				E01470F22BE91B38007CDD9A /* NewsController.swift in Sources */,
				E01470ED2BE91B38007CDD9A /* HomeViewController+VPNConnect.swift in Sources */,
				E01470FA2BE91B38007CDD9A /* Utilities+NSObject.swift in Sources */,
				E01470F82BE91B38007CDD9A /* Utilities.swift in Sources */,
				E01470F52BE91B38007CDD9A /* LocalizedStringEnum.swift in Sources */,
				E01470E32BE91B38007CDD9A /* FeedbackServiceManager.swift in Sources */,
				E01470E72BE91B38007CDD9A /* NewsBottomListTableViewCell.swift in Sources */,
				E01470FD2BE91B38007CDD9A /* Utilities+UILabel.swift in Sources */,
				E01471022BE91B38007CDD9A /* AppConfiguration.swift in Sources */,
				E01470EC2BE91B38007CDD9A /* HomeViewController+LoadNews.swift in Sources */,
				E01470E42BE91B38007CDD9A /* HelpController.swift in Sources */,
				E01470FE2BE91B38007CDD9A /* Utilities+UITextField.swift in Sources */,
				2461820C292C9A8E006962D7 /* AppDelegate.swift in Sources */,
				E01471002BE91B38007CDD9A /* VPNConstants.swift in Sources */,
				E01471012BE91B38007CDD9A /* VPNServiceManager.swift in Sources */,
				E01470F42BE91B38007CDD9A /* SplashController.swift in Sources */,
				E011ABB72CFF36DF00C58500 /* DiagnosticsViewController.swift in Sources */,
				2461820E292C9A8E006962D7 /* SceneDelegate.swift in Sources */,
				E04CACF62C416ACF008194FD /* FollowUsView.swift in Sources */,
				E01470FF2BE91B38007CDD9A /* Utilities+UIView.swift in Sources */,
				E01470F02BE91B38007CDD9A /* MenuController.swift in Sources */,
				E01470F72BE91B38007CDD9A /* UIStoryBoard+Loader.swift in Sources */,
				E0079E072D1DB44600F18522 /* AppUpdateViewController.swift in Sources */,
				E01471042BE91B38007CDD9A /* EventModel.swift in Sources */,
				E0B403EB2D104C9700A9ED15 /* Utilities+ActivityLoader.swift in Sources */,
				E01470EB2BE91B38007CDD9A /* HomeViewController.swift in Sources */,
				E01471032BE91B38007CDD9A /* Constants.swift in Sources */,
				E01470F62BE91B38007CDD9A /* AppBaseViewController.swift in Sources */,
				E01470EE2BE91B38007CDD9A /* NewsData.swift in Sources */,
				E01470E92BE91B38007CDD9A /* NewsTopHeadingTableViewCell.swift in Sources */,
				E01470F32BE91B38007CDD9A /* PrivacyController.swift in Sources */,
				E01470E22BE91B38007CDD9A /* FeedbackController.swift in Sources */,
				E01471052BE91B38007CDD9A /* Extension.swift in Sources */,
				E01470FB2BE91B38007CDD9A /* Utilities+StatusBar.swift in Sources */,
				E0A1AF3F2ECC74D000C1FF76 /* EmojiSlider.swift in Sources */,
				E01470E52BE91B38007CDD9A /* HomeNotificationTableViewCell.swift in Sources */,
				E01470F12BE91B38007CDD9A /* RootView.swift in Sources */,
				E0AC87C52D67211A0034A390 /* UIView+Extensions.swift in Sources */,
				E0AC87C72D67211A0034A390 /* ShimmeringViewProtocol.swift in Sources */,
				E0AC87C82D67211A0034A390 /* UIView+Shimmer.swift in Sources */,
				E0D0C6BD2D715668006D9A00 /* ImageCacheManager.swift in Sources */,
				E0AC87C92D67211A0034A390 /* UIView+Template.swift in Sources */,
				E01470F92BE91B38007CDD9A /* Utilities+Cacher.swift in Sources */,
			);
			runOnlyForDeploymentPostprocessing = 0;
		};
		2461821F292CA960006962D7 /* Sources */ = {
			isa = PBXSourcesBuildPhase;
			buildActionMask = 2147483647;
			files = (
				E01471082BE91BD3007CDD9A /* VPNConstants.swift in Sources */,
				24618229292CA960006962D7 /* PacketTunnelProvider.swift in Sources */,
			);
			runOnlyForDeploymentPostprocessing = 0;
		};
/* End PBXSourcesBuildPhase section */

/* Begin PBXTargetDependency section */
		2461822D292CA960006962D7 /* PBXTargetDependency */ = {
			isa = PBXTargetDependency;
			target = 24618222292CA960006962D7 /* PacketTunnel */;
			targetProxy = 2461822C292CA960006962D7 /* PBXContainerItemProxy */;
		};
/* End PBXTargetDependency section */

/* Begin PBXVariantGroup section */
		24618211292C9A8E006962D7 /* Main.storyboard */ = {
			isa = PBXVariantGroup;
			children = (
				24618212292C9A8E006962D7 /* Base */,
			);
			name = Main.storyboard;
			sourceTree = "<group>";
		};
		24618216292C9A90006962D7 /* LaunchScreen.storyboard */ = {
			isa = PBXVariantGroup;
			children = (
				24618217292C9A90006962D7 /* Base */,
			);
			name = LaunchScreen.storyboard;
			sourceTree = "<group>";
		};
		7124043D2A7249200070681B /* Localizable.strings */ = {
			isa = PBXVariantGroup;
			children = (
				7124043C2A7249200070681B /* en */,
				7124043E2A7249570070681B /* ar */,
				7124043F2A7249600070681B /* ca */,
				712404402A72496F0070681B /* zh-Hans */,
				712404412A7249750070681B /* zh-Hant */,
				712404422A7249930070681B /* hr */,
				712404432A72499B0070681B /* cs */,
				712404442A7249A30070681B /* da */,
				712404452A7249AB0070681B /* nl */,
				712404462A7249BC0070681B /* fi */,
				712404472A7249C60070681B /* fr */,
				712404482A7249D20070681B /* fr-CA */,
				712404492A7249DB0070681B /* de */,
				7124044A2A7249E30070681B /* el */,
				7124044B2A7249EB0070681B /* hi */,
				7124044C2A7249F50070681B /* hu */,
				7124044D2A724A000070681B /* id */,
				7124044E2A724A080070681B /* it */,
				7124044F2A724A0F0070681B /* ja */,
				712404502A724A1F0070681B /* ko */,
				712404512A724A2D0070681B /* ms */,
				712404522A724A380070681B /* nb */,
				712404532A724A480070681B /* pl */,
				712404542A724A540070681B /* pt-BR */,
				712404552A724A5B0070681B /* pt-PT */,
				712404562A724A660070681B /* ro */,
				712404572A724A6C0070681B /* ru */,
				712404582A724A780070681B /* sk */,
				712404592A724A830070681B /* es */,
				7124045A2A724A890070681B /* es-419 */,
				7124045B2A724A900070681B /* sv */,
				7124045C2A724A970070681B /* th */,
				7124045D2A724A9D0070681B /* tr */,
				7124045E2A724AA60070681B /* uk */,
				7124045F2A724AAC0070681B /* vi */,
				712404602A724AC60070681B /* lv */,
				712404612A724AD90070681B /* lt */,
				712404622A724B040070681B /* am */,
				712404632A724B130070681B /* bg */,
				712404642A724B410070681B /* fa */,
				712404652A724B610070681B /* sr */,
			);
			name = Localizable.strings;
			sourceTree = "<group>";
		};
/* End PBXVariantGroup section */

/* Begin XCBuildConfiguration section */
		2461821A292C9A90006962D7 /* Debug */ = {
			isa = XCBuildConfiguration;
			buildSettings = {
				ALWAYS_SEARCH_USER_PATHS = NO;
				CLANG_ANALYZER_LOCALIZABILITY_NONLOCALIZED = YES;
				CLANG_ANALYZER_NONNULL = YES;
				CLANG_ANALYZER_NUMBER_OBJECT_CONVERSION = YES_AGGRESSIVE;
				CLANG_CXX_LANGUAGE_STANDARD = "gnu++20";
				CLANG_ENABLE_MODULES = YES;
				CLANG_ENABLE_OBJC_ARC = YES;
				CLANG_ENABLE_OBJC_WEAK = YES;
				CLANG_WARN_BLOCK_CAPTURE_AUTORELEASING = YES;
				CLANG_WARN_BOOL_CONVERSION = YES;
				CLANG_WARN_COMMA = YES;
				CLANG_WARN_CONSTANT_CONVERSION = YES;
				CLANG_WARN_DEPRECATED_OBJC_IMPLEMENTATIONS = YES;
				CLANG_WARN_DIRECT_OBJC_ISA_USAGE = YES_ERROR;
				CLANG_WARN_DOCUMENTATION_COMMENTS = YES;
				CLANG_WARN_EMPTY_BODY = YES;
				CLANG_WARN_ENUM_CONVERSION = YES;
				CLANG_WARN_INFINITE_RECURSION = YES;
				CLANG_WARN_INT_CONVERSION = YES;
				CLANG_WARN_NON_LITERAL_NULL_CONVERSION = YES;
				CLANG_WARN_OBJC_IMPLICIT_RETAIN_SELF = YES;
				CLANG_WARN_OBJC_LITERAL_CONVERSION = YES;
				CLANG_WARN_OBJC_ROOT_CLASS = YES_ERROR;
				CLANG_WARN_QUOTED_INCLUDE_IN_FRAMEWORK_HEADER = YES;
				CLANG_WARN_RANGE_LOOP_ANALYSIS = YES;
				CLANG_WARN_STRICT_PROTOTYPES = YES;
				CLANG_WARN_SUSPICIOUS_MOVE = YES;
				CLANG_WARN_UNGUARDED_AVAILABILITY = YES_AGGRESSIVE;
				CLANG_WARN_UNREACHABLE_CODE = YES;
				CLANG_WARN__DUPLICATE_METHOD_MATCH = YES;
				COPY_PHASE_STRIP = NO;
				DEBUG_INFORMATION_FORMAT = dwarf;
				ENABLE_STRICT_OBJC_MSGSEND = YES;
				ENABLE_TESTABILITY = YES;
				GCC_C_LANGUAGE_STANDARD = gnu11;
				GCC_DYNAMIC_NO_PIC = NO;
				GCC_NO_COMMON_BLOCKS = YES;
				GCC_OPTIMIZATION_LEVEL = 0;
				GCC_PREPROCESSOR_DEFINITIONS = (
					"DEBUG=1",
					"$(inherited)",
				);
				GCC_WARN_64_TO_32_BIT_CONVERSION = YES;
				GCC_WARN_ABOUT_RETURN_TYPE = YES_ERROR;
				GCC_WARN_UNDECLARED_SELECTOR = YES;
				GCC_WARN_UNINITIALIZED_AUTOS = YES_AGGRESSIVE;
				GCC_WARN_UNUSED_FUNCTION = YES;
				GCC_WARN_UNUSED_VARIABLE = YES;
				IPHONEOS_DEPLOYMENT_TARGET = 15.6;
				MTL_ENABLE_DEBUG_INFO = INCLUDE_SOURCE;
				MTL_FAST_MATH = YES;
				ONLY_ACTIVE_ARCH = YES;
				SDKROOT = iphoneos;
				SWIFT_ACTIVE_COMPILATION_CONDITIONS = DEBUG;
				SWIFT_OPTIMIZATION_LEVEL = "-Onone";
			};
			name = Debug;
		};
		2461821B292C9A90006962D7 /* Release */ = {
			isa = XCBuildConfiguration;
			buildSettings = {
				ALWAYS_SEARCH_USER_PATHS = NO;
				CLANG_ANALYZER_LOCALIZABILITY_NONLOCALIZED = YES;
				CLANG_ANALYZER_NONNULL = YES;
				CLANG_ANALYZER_NUMBER_OBJECT_CONVERSION = YES_AGGRESSIVE;
				CLANG_CXX_LANGUAGE_STANDARD = "gnu++20";
				CLANG_ENABLE_MODULES = YES;
				CLANG_ENABLE_OBJC_ARC = YES;
				CLANG_ENABLE_OBJC_WEAK = YES;
				CLANG_WARN_BLOCK_CAPTURE_AUTORELEASING = YES;
				CLANG_WARN_BOOL_CONVERSION = YES;
				CLANG_WARN_COMMA = YES;
				CLANG_WARN_CONSTANT_CONVERSION = YES;
				CLANG_WARN_DEPRECATED_OBJC_IMPLEMENTATIONS = YES;
				CLANG_WARN_DIRECT_OBJC_ISA_USAGE = YES_ERROR;
				CLANG_WARN_DOCUMENTATION_COMMENTS = YES;
				CLANG_WARN_EMPTY_BODY = YES;
				CLANG_WARN_ENUM_CONVERSION = YES;
				CLANG_WARN_INFINITE_RECURSION = YES;
				CLANG_WARN_INT_CONVERSION = YES;
				CLANG_WARN_NON_LITERAL_NULL_CONVERSION = YES;
				CLANG_WARN_OBJC_IMPLICIT_RETAIN_SELF = YES;
				CLANG_WARN_OBJC_LITERAL_CONVERSION = YES;
				CLANG_WARN_OBJC_ROOT_CLASS = YES_ERROR;
				CLANG_WARN_QUOTED_INCLUDE_IN_FRAMEWORK_HEADER = YES;
				CLANG_WARN_RANGE_LOOP_ANALYSIS = YES;
				CLANG_WARN_STRICT_PROTOTYPES = YES;
				CLANG_WARN_SUSPICIOUS_MOVE = YES;
				CLANG_WARN_UNGUARDED_AVAILABILITY = YES_AGGRESSIVE;
				CLANG_WARN_UNREACHABLE_CODE = YES;
				CLANG_WARN__DUPLICATE_METHOD_MATCH = YES;
				COPY_PHASE_STRIP = NO;
				DEBUG_INFORMATION_FORMAT = "dwarf-with-dsym";
				ENABLE_NS_ASSERTIONS = NO;
				ENABLE_STRICT_OBJC_MSGSEND = YES;
				GCC_C_LANGUAGE_STANDARD = gnu11;
				GCC_NO_COMMON_BLOCKS = YES;
				GCC_WARN_64_TO_32_BIT_CONVERSION = YES;
				GCC_WARN_ABOUT_RETURN_TYPE = YES_ERROR;
				GCC_WARN_UNDECLARED_SELECTOR = YES;
				GCC_WARN_UNINITIALIZED_AUTOS = YES_AGGRESSIVE;
				GCC_WARN_UNUSED_FUNCTION = YES;
				GCC_WARN_UNUSED_VARIABLE = YES;
				IPHONEOS_DEPLOYMENT_TARGET = 15.6;
				MTL_ENABLE_DEBUG_INFO = NO;
				MTL_FAST_MATH = YES;
				SDKROOT = iphoneos;
				SWIFT_COMPILATION_MODE = wholemodule;
				SWIFT_OPTIMIZATION_LEVEL = "-O";
				VALIDATE_PRODUCT = YES;
			};
			name = Release;
		};
		2461821D292C9A90006962D7 /* Debug */ = {
			isa = XCBuildConfiguration;
			baseConfigurationReference = 1C5CFA8B029109BD6F7F0600 /* Pods-nthLink.debug.xcconfig */;
			buildSettings = {
				ALWAYS_EMBED_SWIFT_STANDARD_LIBRARIES = YES;
				ASSETCATALOG_COMPILER_APPICON_NAME = AppIcon;
				ASSETCATALOG_COMPILER_GLOBAL_ACCENT_COLOR_NAME = AccentColor;
				CODE_SIGN_ENTITLEMENTS = nthLink/nthLink.entitlements;
				CODE_SIGN_IDENTITY = "Apple Development";
				CODE_SIGN_STYLE = Automatic;
				CURRENT_PROJECT_VERSION = 1;
				DEVELOPMENT_TEAM = AKNPAU674J;
				GENERATE_INFOPLIST_FILE = YES;
				INFOPLIST_FILE = nthLink/Info.plist;
				INFOPLIST_KEY_UIApplicationSupportsIndirectInputEvents = YES;
				INFOPLIST_KEY_UILaunchStoryboardName = "";
				INFOPLIST_KEY_UIMainStoryboardFile = Main;
				INFOPLIST_KEY_UIRequiresFullScreen = YES;
				INFOPLIST_KEY_UISupportedInterfaceOrientations = UIInterfaceOrientationPortrait;
				INFOPLIST_KEY_UISupportedInterfaceOrientations_iPad = "UIInterfaceOrientationLandscapeLeft UIInterfaceOrientationLandscapeRight UIInterfaceOrientationPortrait UIInterfaceOrientationPortraitUpsideDown";
				INFOPLIST_KEY_UIUserInterfaceStyle = Light;
				IPHONEOS_DEPLOYMENT_TARGET = 15.6;
				LD_RUNPATH_SEARCH_PATHS = (
					"$(inherited)",
					"@executable_path/Frameworks",
				);
				MARKETING_VERSION = 6.8.1;
				PRODUCT_BUNDLE_IDENTIFIER = com.nthlink.ios.client;
				PRODUCT_NAME = "$(TARGET_NAME)";
				PROVISIONING_PROFILE_SPECIFIER = "";
				SWIFT_EMIT_LOC_STRINGS = YES;
				SWIFT_VERSION = 5.0;
				TARGETED_DEVICE_FAMILY = "1,2";
			};
			name = Debug;
		};
		2461821E292C9A90006962D7 /* Release */ = {
			isa = XCBuildConfiguration;
			baseConfigurationReference = 8295FF2CC79774B40588A0C4 /* Pods-nthLink.release.xcconfig */;
			buildSettings = {
				ALWAYS_EMBED_SWIFT_STANDARD_LIBRARIES = YES;
				ASSETCATALOG_COMPILER_APPICON_NAME = AppIcon;
				ASSETCATALOG_COMPILER_GLOBAL_ACCENT_COLOR_NAME = AccentColor;
				CODE_SIGN_ENTITLEMENTS = nthLink/nthLink.entitlements;
				CODE_SIGN_IDENTITY = "Apple Development";
				CODE_SIGN_STYLE = Automatic;
				CURRENT_PROJECT_VERSION = 1;
				DEVELOPMENT_TEAM = AKNPAU674J;
				GENERATE_INFOPLIST_FILE = YES;
				INFOPLIST_FILE = nthLink/Info.plist;
				INFOPLIST_KEY_UIApplicationSupportsIndirectInputEvents = YES;
				INFOPLIST_KEY_UILaunchStoryboardName = "";
				INFOPLIST_KEY_UIMainStoryboardFile = Main;
				INFOPLIST_KEY_UIRequiresFullScreen = YES;
				INFOPLIST_KEY_UISupportedInterfaceOrientations = UIInterfaceOrientationPortrait;
				INFOPLIST_KEY_UISupportedInterfaceOrientations_iPad = "UIInterfaceOrientationLandscapeLeft UIInterfaceOrientationLandscapeRight UIInterfaceOrientationPortrait UIInterfaceOrientationPortraitUpsideDown";
				INFOPLIST_KEY_UIUserInterfaceStyle = Light;
				IPHONEOS_DEPLOYMENT_TARGET = 15.6;
				LD_RUNPATH_SEARCH_PATHS = (
					"$(inherited)",
					"@executable_path/Frameworks",
				);
				MARKETING_VERSION = 6.8.1;
				PRODUCT_BUNDLE_IDENTIFIER = com.nthlink.ios.client;
				PRODUCT_NAME = "$(TARGET_NAME)";
				PROVISIONING_PROFILE_SPECIFIER = "";
				SWIFT_EMIT_LOC_STRINGS = YES;
				SWIFT_VERSION = 5.0;
				TARGETED_DEVICE_FAMILY = "1,2";
			};
			name = Release;
		};
		24618230292CA960006962D7 /* Debug */ = {
			isa = XCBuildConfiguration;
			baseConfigurationReference = CF78A10D87072A2D65B1B1EE /* Pods-PacketTunnel.debug.xcconfig */;
			buildSettings = {
				CODE_SIGN_ENTITLEMENTS = PacketTunnel/PacketTunnel.entitlements;
				CODE_SIGN_STYLE = Automatic;
				CURRENT_PROJECT_VERSION = 1;
				DEVELOPMENT_TEAM = AKNPAU674J;
				GENERATE_INFOPLIST_FILE = YES;
				INFOPLIST_FILE = PacketTunnel/Info.plist;
				INFOPLIST_KEY_CFBundleDisplayName = PacketTunnel;
				INFOPLIST_KEY_NSHumanReadableCopyright = "";
				IPHONEOS_DEPLOYMENT_TARGET = 15.6;
				LD_RUNPATH_SEARCH_PATHS = (
					"$(inherited)",
					"@executable_path/Frameworks",
					"@executable_path/../../Frameworks",
				);
				MARKETING_VERSION = 6.2.4;
				PRODUCT_BUNDLE_IDENTIFIER = com.nthlink.ios.client.PacketTunnel;
				PRODUCT_NAME = "$(TARGET_NAME)";
				SKIP_INSTALL = YES;
				SWIFT_EMIT_LOC_STRINGS = YES;
				SWIFT_VERSION = 5.0;
				TARGETED_DEVICE_FAMILY = "1,2";
			};
			name = Debug;
		};
		24618231292CA960006962D7 /* Release */ = {
			isa = XCBuildConfiguration;
			baseConfigurationReference = 0F1DB126B0E9EF44BF670D56 /* Pods-PacketTunnel.release.xcconfig */;
			buildSettings = {
				CODE_SIGN_ENTITLEMENTS = PacketTunnel/PacketTunnel.entitlements;
				CODE_SIGN_STYLE = Automatic;
				CURRENT_PROJECT_VERSION = 1;
				DEVELOPMENT_TEAM = AKNPAU674J;
				GENERATE_INFOPLIST_FILE = YES;
				INFOPLIST_FILE = PacketTunnel/Info.plist;
				INFOPLIST_KEY_CFBundleDisplayName = PacketTunnel;
				INFOPLIST_KEY_NSHumanReadableCopyright = "";
				IPHONEOS_DEPLOYMENT_TARGET = 15.6;
				LD_RUNPATH_SEARCH_PATHS = (
					"$(inherited)",
					"@executable_path/Frameworks",
					"@executable_path/../../Frameworks",
				);
				MARKETING_VERSION = 6.2.4;
				PRODUCT_BUNDLE_IDENTIFIER = com.nthlink.ios.client.PacketTunnel;
				PRODUCT_NAME = "$(TARGET_NAME)";
				SKIP_INSTALL = YES;
				SWIFT_EMIT_LOC_STRINGS = YES;
				SWIFT_VERSION = 5.0;
				TARGETED_DEVICE_FAMILY = "1,2";
			};
			name = Release;
		};
/* End XCBuildConfiguration section */

/* Begin XCConfigurationList section */
		24618203292C9A8E006962D7 /* Build configuration list for PBXProject "nthLink" */ = {
			isa = XCConfigurationList;
			buildConfigurations = (
				2461821A292C9A90006962D7 /* Debug */,
				2461821B292C9A90006962D7 /* Release */,
			);
			defaultConfigurationIsVisible = 0;
			defaultConfigurationName = Release;
		};
		2461821C292C9A90006962D7 /* Build configuration list for PBXNativeTarget "nthLink" */ = {
			isa = XCConfigurationList;
			buildConfigurations = (
				2461821D292C9A90006962D7 /* Debug */,
				2461821E292C9A90006962D7 /* Release */,
			);
			defaultConfigurationIsVisible = 0;
			defaultConfigurationName = Release;
		};
		24618232292CA960006962D7 /* Build configuration list for PBXNativeTarget "PacketTunnel" */ = {
			isa = XCConfigurationList;
			buildConfigurations = (
				24618230292CA960006962D7 /* Debug */,
				24618231292CA960006962D7 /* Release */,
			);
			defaultConfigurationIsVisible = 0;
			defaultConfigurationName = Release;
		};
/* End XCConfigurationList section */
	};
	rootObject = 24618200292C9A8E006962D7 /* Project object */;
}
